
Microsoft Visual Studio Solution File, Format Version 12.00
# Visual Studio Version 16
VisualStudioVersion = 16.0.30413.136
MinimumVisualStudioVersion = 10.0.40219.1
Project("{FAE04EC0-301F-11D3-BF4B-00C04F79EFBC}") = "SyscallBypass", "SyscallBypass\SyscallBypass.csproj", "{3E4E00BF-0903-4C5E-82E7-FD338B383DEA}"
EndProject
Global
	GlobalSection(SolutionConfigurationPlatforms) = preSolution
		Debug|Any CPU = Debug|Any CPU
		Release|Any CPU = Release|Any CPU
	EndGlobalSection
	GlobalSection(ProjectConfigurationPlatforms) = postSolution
		{3E4E00BF-0903-4C5E-82E7-FD338B383DEA}.Debug|Any CPU.ActiveCfg = Debug|Any CPU
		{3E4E00BF-0903-4C5E-82E7-FD338B383DEA}.Debug|Any CPU.Build.0 = Debug|Any CPU
		{3E4E00BF-0903-4C5E-82E7-FD338B383DEA}.Release|Any CPU.ActiveCfg = Release|Any CPU
		{3E4E00BF-0903-4C5E-82E7-FD338B383DEA}.Release|Any CPU.Build.0 = Release|Any CPU
	EndGlobalSection
	GlobalSection(SolutionProperties) = preSolution
		HideSolutionNode = FALSE
	EndGlobalSection
	GlobalSection(ExtensibilityGlobals) = postSolution
		SolutionGuid = {9929B255-1354-415A-9A0D-EF87BF880E1C}
	EndGlobalSection
EndGlobal
